// !$*UTF8*$!
{
	archiveVersion = 1;
	classes = {
	};
	objectVersion = 48;
	objects = {

/* Begin PBXBuildFile section */
		F71804141F9E6D1F005A0425 /* MyProductsCell.swift in Sources */ = {isa = PBXBuildFile; fileRef = F71804131F9E6D1F005A0425 /* MyProductsCell.swift */; };
		F78F2A171F992EAA004A0CE1 /* AppDelegate.swift in Sources */ = {isa = PBXBuildFile; fileRef = F78F2A161F992EAA004A0CE1 /* AppDelegate.swift */; };
		F78F2A191F992EAA004A0CE1 /* ViewController.swift in Sources */ = {isa = PBXBuildFile; fileRef = F78F2A181F992EAA004A0CE1 /* ViewController.swift */; };
		F78F2A1C1F992EAA004A0CE1 /* Main.storyboard in Resources */ = {isa = PBXBuildFile; fileRef = F78F2A1A1F992EAA004A0CE1 /* Main.storyboard */; };
		F78F2A1F1F992EAA004A0CE1 /* TocaDeObjetos.xcdatamodeld in Sources */ = {isa = PBXBuildFile; fileRef = F78F2A1D1F992EAA004A0CE1 /* TocaDeObjetos.xcdatamodeld */; };
		F78F2A211F992EAA004A0CE1 /* Assets.xcassets in Resources */ = {isa = PBXBuildFile; fileRef = F78F2A201F992EAA004A0CE1 /* Assets.xcassets */; };
		F78F2A241F992EAA004A0CE1 /* LaunchScreen.storyboard in Resources */ = {isa = PBXBuildFile; fileRef = F78F2A221F992EAA004A0CE1 /* LaunchScreen.storyboard */; };
		F78F2A2F1F992EAA004A0CE1 /* TocaDeObjetosTests.swift in Sources */ = {isa = PBXBuildFile; fileRef = F78F2A2E1F992EAA004A0CE1 /* TocaDeObjetosTests.swift */; };
		F78F2A3A1F992EAA004A0CE1 /* TocaDeObjetosUITests.swift in Sources */ = {isa = PBXBuildFile; fileRef = F78F2A391F992EAA004A0CE1 /* TocaDeObjetosUITests.swift */; };
		F7A2C30C1F9E5E8B006C1CB9 /* UserAccountViewController.swift in Sources */ = {isa = PBXBuildFile; fileRef = F7A2C30B1F9E5E8B006C1CB9 /* UserAccountViewController.swift */; };
/* End PBXBuildFile section */

/* Begin PBXContainerItemProxy section */
		F78F2A2B1F992EAA004A0CE1 /* PBXContainerItemProxy */ = {
			isa = PBXContainerItemProxy;
			containerPortal = F78F2A0B1F992EAA004A0CE1 /* Project object */;
			proxyType = 1;
			remoteGlobalIDString = F78F2A121F992EAA004A0CE1;
			remoteInfo = TocaDeObjetos;
		};
		F78F2A361F992EAA004A0CE1 /* PBXContainerItemProxy */ = {
			isa = PBXContainerItemProxy;
			containerPortal = F78F2A0B1F992EAA004A0CE1 /* Project object */;
			proxyType = 1;
			remoteGlobalIDString = F78F2A121F992EAA004A0CE1;
			remoteInfo = TocaDeObjetos;
		};
/* End PBXContainerItemProxy section */

/* Begin PBXFileReference section */
		F71804131F9E6D1F005A0425 /* MyProductsCell.swift */ = {isa = PBXFileReference; lastKnownFileType = sourcecode.swift; path = MyProductsCell.swift; sourceTree = "<group>"; };
		F78F2A131F992EAA004A0CE1 /* TocaDeObjetos.app */ = {isa = PBXFileReference; explicitFileType = wrapper.application; includeInIndex = 0; path = TocaDeObjetos.app; sourceTree = BUILT_PRODUCTS_DIR; };
		F78F2A161F992EAA004A0CE1 /* AppDelegate.swift */ = {isa = PBXFileReference; lastKnownFileType = sourcecode.swift; path = AppDelegate.swift; sourceTree = "<group>"; };
		F78F2A181F992EAA004A0CE1 /* ViewController.swift */ = {isa = PBXFileReference; lastKnownFileType = sourcecode.swift; path = ViewController.swift; sourceTree = "<group>"; };
		F78F2A1B1F992EAA004A0CE1 /* Base */ = {isa = PBXFileReference; lastKnownFileType = file.storyboard; name = Base; path = Base.lproj/Main.storyboard; sourceTree = "<group>"; };
		F78F2A1E1F992EAA004A0CE1 /* TocaDeObjetos.xcdatamodel */ = {isa = PBXFileReference; lastKnownFileType = wrapper.xcdatamodel; path = TocaDeObjetos.xcdatamodel; sourceTree = "<group>"; };
		F78F2A201F992EAA004A0CE1 /* Assets.xcassets */ = {isa = PBXFileReference; lastKnownFileType = folder.assetcatalog; path = Assets.xcassets; sourceTree = "<group>"; };
		F78F2A231F992EAA004A0CE1 /* Base */ = {isa = PBXFileReference; lastKnownFileType = file.storyboard; name = Base; path = Base.lproj/LaunchScreen.storyboard; sourceTree = "<group>"; };
		F78F2A251F992EAA004A0CE1 /* Info.plist */ = {isa = PBXFileReference; lastKnownFileType = text.plist.xml; path = Info.plist; sourceTree = "<group>"; };
		F78F2A2A1F992EAA004A0CE1 /* TocaDeObjetosTests.xctest */ = {isa = PBXFileReference; explicitFileType = wrapper.cfbundle; includeInIndex = 0; path = TocaDeObjetosTests.xctest; sourceTree = BUILT_PRODUCTS_DIR; };
		F78F2A2E1F992EAA004A0CE1 /* TocaDeObjetosTests.swift */ = {isa = PBXFileReference; lastKnownFileType = sourcecode.swift; path = TocaDeObjetosTests.swift; sourceTree = "<group>"; };
		F78F2A301F992EAA004A0CE1 /* Info.plist */ = {isa = PBXFileReference; lastKnownFileType = text.plist.xml; path = Info.plist; sourceTree = "<group>"; };
		F78F2A351F992EAA004A0CE1 /* TocaDeObjetosUITests.xctest */ = {isa = PBXFileReference; explicitFileType = wrapper.cfbundle; includeInIndex = 0; path = TocaDeObjetosUITests.xctest; sourceTree = BUILT_PRODUCTS_DIR; };
		F78F2A391F992EAA004A0CE1 /* TocaDeObjetosUITests.swift */ = {isa = PBXFileReference; lastKnownFileType = sourcecode.swift; path = TocaDeObjetosUITests.swift; sourceTree = "<group>"; };
		F78F2A3B1F992EAA004A0CE1 /* Info.plist */ = {isa = PBXFileReference; lastKnownFileType = text.plist.xml; path = Info.plist; sourceTree = "<group>"; };
		F7A2C30B1F9E5E8B006C1CB9 /* UserAccountViewController.swift */ = {isa = PBXFileReference; lastKnownFileType = sourcecode.swift; path = UserAccountViewController.swift; sourceTree = "<group>"; };
/* End PBXFileReference section */

/* Begin PBXFrameworksBuildPhase section */
		F78F2A101F992EAA004A0CE1 /* Frameworks */ = {
			isa = PBXFrameworksBuildPhase;
			buildActionMask = 2147483647;
			files = (
			);
			runOnlyForDeploymentPostprocessing = 0;
		};
		F78F2A271F992EAA004A0CE1 /* Frameworks */ = {
			isa = PBXFrameworksBuildPhase;
			buildActionMask = 2147483647;
			files = (
			);
			runOnlyForDeploymentPostprocessing = 0;
		};
		F78F2A321F992EAA004A0CE1 /* Frameworks */ = {
			isa = PBXFrameworksBuildPhase;
			buildActionMask = 2147483647;
			files = (
			);
			runOnlyForDeploymentPostprocessing = 0;
		};
/* End PBXFrameworksBuildPhase section */

/* Begin PBXGroup section */
		F71804111F9E6CDE005A0425 /* models */ = {
			isa = PBXGroup;
			children = (
			);
			path = models;
			sourceTree = "<group>";
		};
		F71804121F9E6CF6005A0425 /* Views */ = {
			isa = PBXGroup;
			children = (
				F71804131F9E6D1F005A0425 /* MyProductsCell.swift */,
			);
			path = Views;
			sourceTree = "<group>";
		};
		F78F2A0A1F992EAA004A0CE1 = {
			isa = PBXGroup;
			children = (
				F78F2A151F992EAA004A0CE1 /* TocaDeObjetos */,
				F78F2A2D1F992EAA004A0CE1 /* TocaDeObjetosTests */,
				F78F2A381F992EAA004A0CE1 /* TocaDeObjetosUITests */,
				F78F2A141F992EAA004A0CE1 /* Products */,
			);
			sourceTree = "<group>";
		};
		F78F2A141F992EAA004A0CE1 /* Products */ = {
			isa = PBXGroup;
			children = (
				F78F2A131F992EAA004A0CE1 /* TocaDeObjetos.app */,
				F78F2A2A1F992EAA004A0CE1 /* TocaDeObjetosTests.xctest */,
				F78F2A351F992EAA004A0CE1 /* TocaDeObjetosUITests.xctest */,
			);
			name = Products;
			sourceTree = "<group>";
		};
		F78F2A151F992EAA004A0CE1 /* TocaDeObjetos */ = {
			isa = PBXGroup;
			children = (
				F78F2A161F992EAA004A0CE1 /* AppDelegate.swift */,
				F78F2A181F992EAA004A0CE1 /* ViewController.swift */,
				F71804121F9E6CF6005A0425 /* Views */,
				F71804111F9E6CDE005A0425 /* models */,
				F7A2C30B1F9E5E8B006C1CB9 /* UserAccountViewController.swift */,
				F78F2A1A1F992EAA004A0CE1 /* Main.storyboard */,
				F78F2A201F992EAA004A0CE1 /* Assets.xcassets */,
				F78F2A221F992EAA004A0CE1 /* LaunchScreen.storyboard */,
				F78F2A251F992EAA004A0CE1 /* Info.plist */,
				F78F2A1D1F992EAA004A0CE1 /* TocaDeObjetos.xcdatamodeld */,
			);
			path = TocaDeObjetos;
			sourceTree = "<group>";
		};
		F78F2A2D1F992EAA004A0CE1 /* TocaDeObjetosTests */ = {
			isa = PBXGroup;
			children = (
				F78F2A2E1F992EAA004A0CE1 /* TocaDeObjetosTests.swift */,
				F78F2A301F992EAA004A0CE1 /* Info.plist */,
			);
			path = TocaDeObjetosTests;
			sourceTree = "<group>";
		};
		F78F2A381F992EAA004A0CE1 /* TocaDeObjetosUITests */ = {
			isa = PBXGroup;
			children = (
				F78F2A391F992EAA004A0CE1 /* TocaDeObjetosUITests.swift */,
				F78F2A3B1F992EAA004A0CE1 /* Info.plist */,
			);
			path = TocaDeObjetosUITests;
			sourceTree = "<group>";
		};
/* End PBXGroup section */

/* Begin PBXNativeTarget section */
		F78F2A121F992EAA004A0CE1 /* TocaDeObjetos */ = {
			isa = PBXNativeTarget;
			buildConfigurationList = F78F2A3E1F992EAA004A0CE1 /* Build configuration list for PBXNativeTarget "TocaDeObjetos" */;
			buildPhases = (
				F78F2A0F1F992EAA004A0CE1 /* Sources */,
				F78F2A101F992EAA004A0CE1 /* Frameworks */,
				F78F2A111F992EAA004A0CE1 /* Resources */,
			);
			buildRules = (
			);
			dependencies = (
			);
			name = TocaDeObjetos;
			productName = TocaDeObjetos;
			productReference = F78F2A131F992EAA004A0CE1 /* TocaDeObjetos.app */;
			productType = "com.apple.product-type.application";
		};
		F78F2A291F992EAA004A0CE1 /* TocaDeObjetosTests */ = {
			isa = PBXNativeTarget;
			buildConfigurationList = F78F2A411F992EAA004A0CE1 /* Build configuration list for PBXNativeTarget "TocaDeObjetosTests" */;
			buildPhases = (
				F78F2A261F992EAA004A0CE1 /* Sources */,
				F78F2A271F992EAA004A0CE1 /* Frameworks */,
				F78F2A281F992EAA004A0CE1 /* Resources */,
			);
			buildRules = (
			);
			dependencies = (
				F78F2A2C1F992EAA004A0CE1 /* PBXTargetDependency */,
			);
			name = TocaDeObjetosTests;
			productName = TocaDeObjetosTests;
			productReference = F78F2A2A1F992EAA004A0CE1 /* TocaDeObjetosTests.xctest */;
			productType = "com.apple.product-type.bundle.unit-test";
		};
		F78F2A341F992EAA004A0CE1 /* TocaDeObjetosUITests */ = {
			isa = PBXNativeTarget;
			buildConfigurationList = F78F2A441F992EAA004A0CE1 /* Build configuration list for PBXNativeTarget "TocaDeObjetosUITests" */;
			buildPhases = (
				F78F2A311F992EAA004A0CE1 /* Sources */,
				F78F2A321F992EAA004A0CE1 /* Frameworks */,
				F78F2A331F992EAA004A0CE1 /* Resources */,
			);
			buildRules = (
			);
			dependencies = (
				F78F2A371F992EAA004A0CE1 /* PBXTargetDependency */,
			);
			name = TocaDeObjetosUITests;
			productName = TocaDeObjetosUITests;
			productReference = F78F2A351F992EAA004A0CE1 /* TocaDeObjetosUITests.xctest */;
			productType = "com.apple.product-type.bundle.ui-testing";
		};
/* End PBXNativeTarget section */

/* Begin PBXProject section */
		F78F2A0B1F992EAA004A0CE1 /* Project object */ = {
			isa = PBXProject;
			attributes = {
				LastSwiftUpdateCheck = 0900;
				LastUpgradeCheck = 0900;
				ORGANIZATIONNAME = "Pedro Emanuel";
				TargetAttributes = {
					F78F2A121F992EAA004A0CE1 = {
						CreatedOnToolsVersion = 9.0;
						ProvisioningStyle = Automatic;
					};
					F78F2A291F992EAA004A0CE1 = {
						CreatedOnToolsVersion = 9.0;
						ProvisioningStyle = Automatic;
						TestTargetID = F78F2A121F992EAA004A0CE1;
					};
					F78F2A341F992EAA004A0CE1 = {
						CreatedOnToolsVersion = 9.0;
						ProvisioningStyle = Automatic;
						TestTargetID = F78F2A121F992EAA004A0CE1;
					};
				};
			};
			buildConfigurationList = F78F2A0E1F992EAA004A0CE1 /* Build configuration list for PBXProject "TocaDeObjetos" */;
			compatibilityVersion = "Xcode 8.0";
			developmentRegion = en;
			hasScannedForEncodings = 0;
			knownRegions = (
				en,
				Base,
			);
			mainGroup = F78F2A0A1F992EAA004A0CE1;
			productRefGroup = F78F2A141F992EAA004A0CE1 /* Products */;
			projectDirPath = "";
			projectRoot = "";
			targets = (
				F78F2A121F992EAA004A0CE1 /* TocaDeObjetos */,
				F78F2A291F992EAA004A0CE1 /* TocaDeObjetosTests */,
				F78F2A341F992EAA004A0CE1 /* TocaDeObjetosUITests */,
			);
		};
/* End PBXProject section */

/* Begin PBXResourcesBuildPhase section */
		F78F2A111F992EAA004A0CE1 /* Resources */ = {
			isa = PBXResourcesBuildPhase;
			buildActionMask = 2147483647;
			files = (
				F78F2A241F992EAA004A0CE1 /* LaunchScreen.storyboard in Resources */,
				F78F2A211F992EAA004A0CE1 /* Assets.xcassets in Resources */,
				F78F2A1C1F992EAA004A0CE1 /* Main.storyboard in Resources */,
			);
			runOnlyForDeploymentPostprocessing = 0;
		};
		F78F2A281F992EAA004A0CE1 /* Resources */ = {
			isa = PBXResourcesBuildPhase;
			buildActionMask = 2147483647;
			files = (
			);
			runOnlyForDeploymentPostprocessing = 0;
		};
		F78F2A331F992EAA004A0CE1 /* Resources */ = {
			isa = PBXResourcesBuildPhase;
			buildActionMask = 2147483647;
			files = (
			);
			runOnlyForDeploymentPostprocessing = 0;
		};
/* End PBXResourcesBuildPhase section */

/* Begin PBXSourcesBuildPhase section */
		F78F2A0F1F992EAA004A0CE1 /* Sources */ = {
			isa = PBXSourcesBuildPhase;
			buildActionMask = 2147483647;
			files = (
				F78F2A191F992EAA004A0CE1 /* ViewController.swift in Sources */,
				F71804141F9E6D1F005A0425 /* MyProductsCell.swift in Sources */,
				F7A2C30C1F9E5E8B006C1CB9 /* UserAccountViewController.swift in Sources */,
				F78F2A171F992EAA004A0CE1 /* AppDelegate.swift in Sources */,
				F78F2A1F1F992EAA004A0CE1 /* TocaDeObjetos.xcdatamodeld in Sources */,
			);
			runOnlyForDeploymentPostprocessing = 0;
		};
		F78F2A261F992EAA004A0CE1 /* Sources */ = {
			isa = PBXSourcesBuildPhase;
			buildActionMask = 2147483647;
			files = (
				F78F2A2F1F992EAA004A0CE1 /* TocaDeObjetosTests.swift in Sources */,
			);
			runOnlyForDeploymentPostprocessing = 0;
		};
		F78F2A311F992EAA004A0CE1 /* Sources */ = {
			isa = PBXSourcesBuildPhase;
			buildActionMask = 2147483647;
			files = (
				F78F2A3A1F992EAA004A0CE1 /* TocaDeObjetosUITests.swift in Sources */,
			);
			runOnlyForDeploymentPostprocessing = 0;
		};
/* End PBXSourcesBuildPhase section */

/* Begin PBXTargetDependency section */
		F78F2A2C1F992EAA004A0CE1 /* PBXTargetDependency */ = {
			isa = PBXTargetDependency;
			target = F78F2A121F992EAA004A0CE1 /* TocaDeObjetos */;
			targetProxy = F78F2A2B1F992EAA004A0CE1 /* PBXContainerItemProxy */;
		};
		F78F2A371F992EAA004A0CE1 /* PBXTargetDependency */ = {
			isa = PBXTargetDependency;
			target = F78F2A121F992EAA004A0CE1 /* TocaDeObjetos */;
			targetProxy = F78F2A361F992EAA004A0CE1 /* PBXContainerItemProxy */;
		};
/* End PBXTargetDependency section */

/* Begin PBXVariantGroup section */
		F78F2A1A1F992EAA004A0CE1 /* Main.storyboard */ = {
			isa = PBXVariantGroup;
			children = (
				F78F2A1B1F992EAA004A0CE1 /* Base */,
			);
			name = Main.storyboard;
			sourceTree = "<group>";
		};
		F78F2A221F992EAA004A0CE1 /* LaunchScreen.storyboard */ = {
			isa = PBXVariantGroup;
			children = (
				F78F2A231F992EAA004A0CE1 /* Base */,
			);
			name = LaunchScreen.storyboard;
			sourceTree = "<group>";
		};
/* End PBXVariantGroup section */

/* Begin XCBuildConfiguration section */
		F78F2A3C1F992EAA004A0CE1 /* Debug */ = {
			isa = XCBuildConfiguration;
			buildSettings = {
				ALWAYS_SEARCH_USER_PATHS = NO;
				CLANG_ANALYZER_NONNULL = YES;
				CLANG_ANALYZER_NUMBER_OBJECT_CONVERSION = YES_AGGRESSIVE;
				CLANG_CXX_LANGUAGE_STANDARD = "gnu++14";
				CLANG_CXX_LIBRARY = "libc++";
				CLANG_ENABLE_MODULES = YES;
				CLANG_ENABLE_OBJC_ARC = YES;
				CLANG_WARN_BLOCK_CAPTURE_AUTORELEASING = YES;
				CLANG_WARN_BOOL_CONVERSION = YES;
				CLANG_WARN_COMMA = YES;
				CLANG_WARN_CONSTANT_CONVERSION = YES;
				CLANG_WARN_DIRECT_OBJC_ISA_USAGE = YES_ERROR;
				CLANG_WARN_DOCUMENTATION_COMMENTS = YES;
				CLANG_WARN_EMPTY_BODY = YES;
				CLANG_WARN_ENUM_CONVERSION = YES;
				CLANG_WARN_INFINITE_RECURSION = YES;
				CLANG_WARN_INT_CONVERSION = YES;
				CLANG_WARN_NON_LITERAL_NULL_CONVERSION = YES;
				CLANG_WARN_OBJC_LITERAL_CONVERSION = YES;
				CLANG_WARN_OBJC_ROOT_CLASS = YES_ERROR;
				CLANG_WARN_RANGE_LOOP_ANALYSIS = YES;
				CLANG_WARN_STRICT_PROTOTYPES = YES;
				CLANG_WARN_SUSPICIOUS_MOVE = YES;
				CLANG_WARN_UNGUARDED_AVAILABILITY = YES_AGGRESSIVE;
				CLANG_WARN_UNREACHABLE_CODE = YES;
				CLANG_WARN__DUPLICATE_METHOD_MATCH = YES;
				CODE_SIGN_IDENTITY = "iPhone Developer";
				COPY_PHASE_STRIP = NO;
				DEBUG_INFORMATION_FORMAT = dwarf;
				ENABLE_STRICT_OBJC_MSGSEND = YES;
				ENABLE_TESTABILITY = YES;
				GCC_C_LANGUAGE_STANDARD = gnu11;
				GCC_DYNAMIC_NO_PIC = NO;
				GCC_NO_COMMON_BLOCKS = YES;
				GCC_OPTIMIZATION_LEVEL = 0;
				GCC_PREPROCESSOR_DEFINITIONS = (
					"DEBUG=1",
					"$(inherited)",
				);
				GCC_WARN_64_TO_32_BIT_CONVERSION = YES;
				GCC_WARN_ABOUT_RETURN_TYPE = YES_ERROR;
				GCC_WARN_UNDECLARED_SELECTOR = YES;
				GCC_WARN_UNINITIALIZED_AUTOS = YES_AGGRESSIVE;
				GCC_WARN_UNUSED_FUNCTION = YES;
				GCC_WARN_UNUSED_VARIABLE = YES;
				IPHONEOS_DEPLOYMENT_TARGET = 11.0;
				MTL_ENABLE_DEBUG_INFO = YES;
				ONLY_ACTIVE_ARCH = YES;
				SDKROOT = iphoneos;
				SWIFT_ACTIVE_COMPILATION_CONDITIONS = DEBUG;
				SWIFT_OPTIMIZATION_LEVEL = "-Onone";
			};
			name = Debug;
		};
		F78F2A3D1F992EAA004A0CE1 /* Release */ = {
			isa = XCBuildConfiguration;
			buildSettings = {
				ALWAYS_SEARCH_USER_PATHS = NO;
				CLANG_ANALYZER_NONNULL = YES;
				CLANG_ANALYZER_NUMBER_OBJECT_CONVERSION = YES_AGGRESSIVE;
				CLANG_CXX_LANGUAGE_STANDARD = "gnu++14";
				CLANG_CXX_LIBRARY = "libc++";
				CLANG_ENABLE_MODULES = YES;
				CLANG_ENABLE_OBJC_ARC = YES;
				CLANG_WARN_BLOCK_CAPTURE_AUTORELEASING = YES;
				CLANG_WARN_BOOL_CONVERSION = YES;
				CLANG_WARN_COMMA = YES;
				CLANG_WARN_CONSTANT_CONVERSION = YES;
				CLANG_WARN_DIRECT_OBJC_ISA_USAGE = YES_ERROR;
				CLANG_WARN_DOCUMENTATION_COMMENTS = YES;
				CLANG_WARN_EMPTY_BODY = YES;
				CLANG_WARN_ENUM_CONVERSION = YES;
				CLANG_WARN_INFINITE_RECURSION = YES;
				CLANG_WARN_INT_CONVERSION = YES;
				CLANG_WARN_NON_LITERAL_NULL_CONVERSION = YES;
				CLANG_WARN_OBJC_LITERAL_CONVERSION = YES;
				CLANG_WARN_OBJC_ROOT_CLASS = YES_ERROR;
				CLANG_WARN_RANGE_LOOP_ANALYSIS = YES;
				CLANG_WARN_STRICT_PROTOTYPES = YES;
				CLANG_WARN_SUSPICIOUS_MOVE = YES;
				CLANG_WARN_UNGUARDED_AVAILABILITY = YES_AGGRESSIVE;
				CLANG_WARN_UNREACHABLE_CODE = YES;
				CLANG_WARN__DUPLICATE_METHOD_MATCH = YES;
				CODE_SIGN_IDENTITY = "iPhone Developer";
				COPY_PHASE_STRIP = NO;
				DEBUG_INFORMATION_FORMAT = "dwarf-with-dsym";
				ENABLE_NS_ASSERTIONS = NO;
				ENABLE_STRICT_OBJC_MSGSEND = YES;
				GCC_C_LANGUAGE_STANDARD = gnu11;
				GCC_NO_COMMON_BLOCKS = YES;
				GCC_WARN_64_TO_32_BIT_CONVERSION = YES;
				GCC_WARN_ABOUT_RETURN_TYPE = YES_ERROR;
				GCC_WARN_UNDECLARED_SELECTOR = YES;
				GCC_WARN_UNINITIALIZED_AUTOS = YES_AGGRESSIVE;
				GCC_WARN_UNUSED_FUNCTION = YES;
				GCC_WARN_UNUSED_VARIABLE = YES;
				IPHONEOS_DEPLOYMENT_TARGET = 11.0;
				MTL_ENABLE_DEBUG_INFO = NO;
				SDKROOT = iphoneos;
				SWIFT_OPTIMIZATION_LEVEL = "-Owholemodule";
				VALIDATE_PRODUCT = YES;
			};
			name = Release;
		};
		F78F2A3F1F992EAA004A0CE1 /* Debug */ = {
			isa = XCBuildConfiguration;
			buildSettings = {
				ASSETCATALOG_COMPILER_APPICON_NAME = AppIcon;
				CODE_SIGN_STYLE = Automatic;
				DEVELOPMENT_TEAM = WEP9UKL7GT;
				INFOPLIST_FILE = TocaDeObjetos/Info.plist;
				IPHONEOS_DEPLOYMENT_TARGET = 10.0;
				LD_RUNPATH_SEARCH_PATHS = "$(inherited) @executable_path/Frameworks";
				PRODUCT_BUNDLE_IDENTIFIER = appTroca.com.TocaDeObjetos;
				PRODUCT_NAME = "$(TARGET_NAME)";
				SWIFT_VERSION = 4.0;
				TARGETED_DEVICE_FAMILY = "1,2";
			};
			name = Debug;
		};
		F78F2A401F992EAA004A0CE1 /* Release */ = {
			isa = XCBuildConfiguration;
			buildSettings = {
				ASSETCATALOG_COMPILER_APPICON_NAME = AppIcon;
				CODE_SIGN_STYLE = Automatic;
				DEVELOPMENT_TEAM = WEP9UKL7GT;
				INFOPLIST_FILE = TocaDeObjetos/Info.plist;
				IPHONEOS_DEPLOYMENT_TARGET = 10.0;
				LD_RUNPATH_SEARCH_PATHS = "$(inherited) @executable_path/Frameworks";
				PRODUCT_BUNDLE_IDENTIFIER = appTroca.com.TocaDeObjetos;
				PRODUCT_NAME = "$(TARGET_NAME)";
				SWIFT_VERSION = 4.0;
				TARGETED_DEVICE_FAMILY = "1,2";
			};
			name = Release;
		};
		F78F2A421F992EAA004A0CE1 /* Debug */ = {
			isa = XCBuildConfiguration;
			buildSettings = {
				ALWAYS_EMBED_SWIFT_STANDARD_LIBRARIES = YES;
				BUNDLE_LOADER = "$(TEST_HOST)";
				CODE_SIGN_STYLE = Automatic;
				DEVELOPMENT_TEAM = WEP9UKL7GT;
				INFOPLIST_FILE = TocaDeObjetosTests/Info.plist;
				LD_RUNPATH_SEARCH_PATHS = "$(inherited) @executable_path/Frameworks @loader_path/Frameworks";
				PRODUCT_BUNDLE_IDENTIFIER = appTroca.com.TocaDeObjetosTests;
				PRODUCT_NAME = "$(TARGET_NAME)";
				SWIFT_VERSION = 4.0;
				TARGETED_DEVICE_FAMILY = "1,2";
				TEST_HOST = "$(BUILT_PRODUCTS_DIR)/TocaDeObjetos.app/TocaDeObjetos";
			};
			name = Debug;
		};
		F78F2A431F992EAA004A0CE1 /* Release */ = {
			isa = XCBuildConfiguration;
			buildSettings = {
				ALWAYS_EMBED_SWIFT_STANDARD_LIBRARIES = YES;
				BUNDLE_LOADER = "$(TEST_HOST)";
				CODE_SIGN_STYLE = Automatic;
				DEVELOPMENT_TEAM = WEP9UKL7GT;
				INFOPLIST_FILE = TocaDeObjetosTests/Info.plist;
				LD_RUNPATH_SEARCH_PATHS = "$(inherited) @executable_path/Frameworks @loader_path/Frameworks";
				PRODUCT_BUNDLE_IDENTIFIER = appTroca.com.TocaDeObjetosTests;
				PRODUCT_NAME = "$(TARGET_NAME)";
				SWIFT_VERSION = 4.0;
				TARGETED_DEVICE_FAMILY = "1,2";
				TEST_HOST = "$(BUILT_PRODUCTS_DIR)/TocaDeObjetos.app/TocaDeObjetos";
			};
			name = Release;
		};
		F78F2A451F992EAA004A0CE1 /* Debug */ = {
			isa = XCBuildConfiguration;
			buildSettings = {
				ALWAYS_EMBED_SWIFT_STANDARD_LIBRARIES = YES;
				CODE_SIGN_STYLE = Automatic;
				DEVELOPMENT_TEAM = WEP9UKL7GT;
				INFOPLIST_FILE = TocaDeObjetosUITests/Info.plist;
				LD_RUNPATH_SEARCH_PATHS = "$(inherited) @executable_path/Frameworks @loader_path/Frameworks";
				PRODUCT_BUNDLE_IDENTIFIER = appTroca.com.TocaDeObjetosUITests;
				PRODUCT_NAME = "$(TARGET_NAME)";
				SWIFT_VERSION = 4.0;
				TARGETED_DEVICE_FAMILY = "1,2";
				TEST_TARGET_NAME = TocaDeObjetos;
			};
			name = Debug;
		};
		F78F2A461F992EAA004A0CE1 /* Release */ = {
			isa = XCBuildConfiguration;
			buildSettings = {
				ALWAYS_EMBED_SWIFT_STANDARD_LIBRARIES = YES;
				CODE_SIGN_STYLE = Automatic;
				DEVELOPMENT_TEAM = WEP9UKL7GT;
				INFOPLIST_FILE = TocaDeObjetosUITests/Info.plist;
				LD_RUNPATH_SEARCH_PATHS = "$(inherited) @executable_path/Frameworks @loader_path/Frameworks";
				PRODUCT_BUNDLE_IDENTIFIER = appTroca.com.TocaDeObjetosUITests;
				PRODUCT_NAME = "$(TARGET_NAME)";
				SWIFT_VERSION = 4.0;
				TARGETED_DEVICE_FAMILY = "1,2";
				TEST_TARGET_NAME = TocaDeObjetos;
			};
			name = Release;
		};
/* End XCBuildConfiguration section */

/* Begin XCConfigurationList section */
		F78F2A0E1F992EAA004A0CE1 /* Build configuration list for PBXProject "TocaDeObjetos" */ = {
			isa = XCConfigurationList;
			buildConfigurations = (
				F78F2A3C1F992EAA004A0CE1 /* Debug */,
				F78F2A3D1F992EAA004A0CE1 /* Release */,
			);
			defaultConfigurationIsVisible = 0;
			defaultConfigurationName = Release;
		};
		F78F2A3E1F992EAA004A0CE1 /* Build configuration list for PBXNativeTarget "TocaDeObjetos" */ = {
			isa = XCConfigurationList;
			buildConfigurations = (
				F78F2A3F1F992EAA004A0CE1 /* Debug */,
				F78F2A401F992EAA004A0CE1 /* Release */,
			);
			defaultConfigurationIsVisible = 0;
			defaultConfigurationName = Release;
		};
		F78F2A411F992EAA004A0CE1 /* Build configuration list for PBXNativeTarget "TocaDeObjetosTests" */ = {
			isa = XCConfigurationList;
			buildConfigurations = (
				F78F2A421F992EAA004A0CE1 /* Debug */,
				F78F2A431F992EAA004A0CE1 /* Release */,
			);
			defaultConfigurationIsVisible = 0;
			defaultConfigurationName = Release;
		};
		F78F2A441F992EAA004A0CE1 /* Build configuration list for PBXNativeTarget "TocaDeObjetosUITests" */ = {
			isa = XCConfigurationList;
			buildConfigurations = (
				F78F2A451F992EAA004A0CE1 /* Debug */,
				F78F2A461F992EAA004A0CE1 /* Release */,
			);
			defaultConfigurationIsVisible = 0;
			defaultConfigurationName = Release;
		};
/* End XCConfigurationList section */

/* Begin XCVersionGroup section */
		F78F2A1D1F992EAA004A0CE1 /* TocaDeObjetos.xcdatamodeld */ = {
			isa = XCVersionGroup;
			children = (
				F78F2A1E1F992EAA004A0CE1 /* TocaDeObjetos.xcdatamodel */,
			);
			currentVersion = F78F2A1E1F992EAA004A0CE1 /* TocaDeObjetos.xcdatamodel */;
			path = TocaDeObjetos.xcdatamodeld;
			sourceTree = "<group>";
			versionGroupType = wrapper.xcdatamodel;
		};
/* End XCVersionGroup section */
	};
	rootObject = F78F2A0B1F992EAA004A0CE1 /* Project object */;
}
